
Microsoft Visual Studio Solution File, Format Version 12.00
# Visual Studio Version 17
VisualStudioVersion = 17.5.002.0
MinimumVisualStudioVersion = 10.0.40219.1
Project("{2150E333-8FDC-42A3-9474-1A3956D46DE8}") = "tareas", "tareas", "{03CE1114-6EA7-437D-810F-DB19C5869276}"
EndProject
Project("{9A19103F-16F7-4668-BE54-9A1E7A4F7556}") = "HelloWorldNet", "tareas\hello-world-net\HelloWorldNet.csproj", "{B403386C-DD57-4940-9F19-7E7F9593AFF4}"
EndProject
Global
	GlobalSection(SolutionConfigurationPlatforms) = preSolution
		Debug|Any CPU = Debug|Any CPU
		Release|Any CPU = Release|Any CPU
	EndGlobalSection
	GlobalSection(ProjectConfigurationPlatforms) = postSolution
		{B403386C-DD57-4940-9F19-7E7F9593AFF4}.Debug|Any CPU.ActiveCfg = Debug|Any CPU
		{B403386C-DD57-4940-9F19-7E7F9593AFF4}.Debug|Any CPU.Build.0 = Debug|Any CPU
		{B403386C-DD57-4940-9F19-7E7F9593AFF4}.Release|Any CPU.ActiveCfg = Release|Any CPU
		{B403386C-DD57-4940-9F19-7E7F9593AFF4}.Release|Any CPU.Build.0 = Release|Any CPU
	EndGlobalSection
	GlobalSection(SolutionProperties) = preSolution
		HideSolutionNode = FALSE
	EndGlobalSection
	GlobalSection(NestedProjects) = preSolution
		{B403386C-DD57-4940-9F19-7E7F9593AFF4} = {03CE1114-6EA7-437D-810F-DB19C5869276}
	EndGlobalSection
	GlobalSection(ExtensibilityGlobals) = postSolution
		SolutionGuid = {01FEC45E-BE74-46F6-BEFB-9981D1BE7C2B}
	EndGlobalSection
EndGlobal
